
Microsoft Visual Studio Solution File, Format Version 12.00
# Visual Studio Version 16
VisualStudioVersion = 16.0.30320.27
MinimumVisualStudioVersion = 10.0.40219.1
Project("{FAE04EC0-301F-11D3-BF4B-00C04F79EFBC}") = "SampleApp001", "SampleApp001\SampleApp001.csproj", "{887BBE76-52AE-4AFD-8C13-7BC8F855C1EC}"
EndProject
Global
	GlobalSection(SolutionConfigurationPlatforms) = preSolution
		Debug|Any CPU = Debug|Any CPU
		Release|Any CPU = Release|Any CPU
	EndGlobalSection
	GlobalSection(ProjectConfigurationPlatforms) = postSolution
		{887BBE76-52AE-4AFD-8C13-7BC8F855C1EC}.Debug|Any CPU.ActiveCfg = Debug|Any CPU
		{887BBE76-52AE-4AFD-8C13-7BC8F855C1EC}.Debug|Any CPU.Build.0 = Debug|Any CPU
		{887BBE76-52AE-4AFD-8C13-7BC8F855C1EC}.Release|Any CPU.ActiveCfg = Release|Any CPU
		{887BBE76-52AE-4AFD-8C13-7BC8F855C1EC}.Release|Any CPU.Build.0 = Release|Any CPU
	EndGlobalSection
	GlobalSection(SolutionProperties) = preSolution
		HideSolutionNode = FALSE
	EndGlobalSection
	GlobalSection(ExtensibilityGlobals) = postSolution
		SolutionGuid = {0852724F-6BE9-44F5-8EBD-2D6E5CCC7454}
	EndGlobalSection
EndGlobal
